
Microsoft Visual Studio Solution File, Format Version 12.00
# Visual Studio Version 16
VisualStudioVersion = 16.0.30907.101
MinimumVisualStudioVersion = 10.0.40219.1
Project("{FAE04EC0-301F-11D3-BF4B-00C04F79EFBC}") = "SimpleCalculationProgram", "SimpleCalculationProgram\SimpleCalculationProgram.csproj", "{C604C96D-3454-4464-85FB-B181B1EFDEC2}"
EndProject
Global
	GlobalSection(SolutionConfigurationPlatforms) = preSolution
		Debug|Any CPU = Debug|Any CPU
		Release|Any CPU = Release|Any CPU
	EndGlobalSection
	GlobalSection(ProjectConfigurationPlatforms) = postSolution
		{C604C96D-3454-4464-85FB-B181B1EFDEC2}.Debug|Any CPU.ActiveCfg = Debug|Any CPU
		{C604C96D-3454-4464-85FB-B181B1EFDEC2}.Debug|Any CPU.Build.0 = Debug|Any CPU
		{C604C96D-3454-4464-85FB-B181B1EFDEC2}.Release|Any CPU.ActiveCfg = Release|Any CPU
		{C604C96D-3454-4464-85FB-B181B1EFDEC2}.Release|Any CPU.Build.0 = Release|Any CPU
	EndGlobalSection
	GlobalSection(SolutionProperties) = preSolution
		HideSolutionNode = FALSE
	EndGlobalSection
	GlobalSection(ExtensibilityGlobals) = postSolution
		SolutionGuid = {3E8B54B7-2707-4099-A2FB-06A72C3A0491}
	EndGlobalSection
EndGlobal
